{
  "name": "devtools-ext-zip-http-requests",
  "version": "0.2.0",
  "lockfileVersion": 3,
  "requires": true,
  "packages": {
    "": {
      "version": "0.2.0",
      "license": "ISC",
      "dependencies": {
        "@zip.js/zip.js": "2.7.72"
      }
    },
    "node_modules/@zip.js/zip.js": {
      "version": "2.7.72",
      "resolved": "https://registry.npmjs.org/@zip.js/zip.js/-/zip.js-2.7.72.tgz",
      "integrity": "sha512-3/A4JwrgkvGBlCxtItjxs8HrNbuTAAl/zlGkV6tC5Fb5k5nk4x2Dqxwl/YnUys5Ch+QB01eJ8Q5K/J2uXfy9Vw==",
      "license": "BSD-3-Clause",
      "engines": {
        "bun": ">=0.7.0",
        "deno": ">=1.0.0",
        "node": ">=16.5.0"
      }
    }
  }
}
